// !$*UTF8*$!
{
	archiveVersion = 1;
	classes = {
	};
	objectVersion = 46;
	objects = {

/* Begin PBXBuildFile section */
		77074E541DD19ECB00E0622A /* main.m in Sources */ = {isa = PBXBuildFile; fileRef = 77074E531DD19ECB00E0622A /* main.m */; };
		77074E5C1DD19EEE00E0622A /* Car.m in Sources */ = {isa = PBXBuildFile; fileRef = 77074E5B1DD19EEE00E0622A /* Car.m */; };
		77074E5F1DD2EF1900E0622A /* Toyota.m in Sources */ = {isa = PBXBuildFile; fileRef = 77074E5E1DD2EF1900E0622A /* Toyota.m */; };
/* End PBXBuildFile section */

/* Begin PBXCopyFilesBuildPhase section */
		77074E4E1DD19ECB00E0622A /* CopyFiles */ = {
			isa = PBXCopyFilesBuildPhase;
			buildActionMask = 2147483647;
			dstPath = /usr/share/man/man1/;
			dstSubfolderSpec = 0;
			files = (
			);
			runOnlyForDeploymentPostprocessing = 1;
		};
/* End PBXCopyFilesBuildPhase section */

/* Begin PBXFileReference section */
		77074E501DD19ECB00E0622A /* Toyota's are Cars too */ = {isa = PBXFileReference; explicitFileType = "compiled.mach-o.executable"; includeInIndex = 0; path = "Toyota's are Cars too"; sourceTree = BUILT_PRODUCTS_DIR; };
		77074E531DD19ECB00E0622A /* main.m */ = {isa = PBXFileReference; lastKnownFileType = sourcecode.c.objc; path = main.m; sourceTree = "<group>"; };
		77074E5A1DD19EEE00E0622A /* Car.h */ = {isa = PBXFileReference; fileEncoding = 4; lastKnownFileType = sourcecode.c.h; path = Car.h; sourceTree = "<group>"; };
		77074E5B1DD19EEE00E0622A /* Car.m */ = {isa = PBXFileReference; fileEncoding = 4; lastKnownFileType = sourcecode.c.objc; path = Car.m; sourceTree = "<group>"; };
		77074E5D1DD2EF1900E0622A /* Toyota.h */ = {isa = PBXFileReference; fileEncoding = 4; lastKnownFileType = sourcecode.c.h; path = Toyota.h; sourceTree = "<group>"; };
		77074E5E1DD2EF1900E0622A /* Toyota.m */ = {isa = PBXFileReference; fileEncoding = 4; lastKnownFileType = sourcecode.c.objc; path = Toyota.m; sourceTree = "<group>"; };
/* End PBXFileReference section */

/* Begin PBXFrameworksBuildPhase section */
		77074E4D1DD19ECB00E0622A /* Frameworks */ = {
			isa = PBXFrameworksBuildPhase;
			buildActionMask = 2147483647;
			files = (
			);
			runOnlyForDeploymentPostprocessing = 0;
		};
/* End PBXFrameworksBuildPhase section */

/* Begin PBXGroup section */
		77074E471DD19ECB00E0622A = {
			isa = PBXGroup;
			children = (
				77074E521DD19ECB00E0622A /* Toyota's are Cars too */,
				77074E511DD19ECB00E0622A /* Products */,
			);
			sourceTree = "<group>";
		};
		77074E511DD19ECB00E0622A /* Products */ = {
			isa = PBXGroup;
			children = (
				77074E501DD19ECB00E0622A /* Toyota's are Cars too */,
			);
			name = Products;
			sourceTree = "<group>";
		};
		77074E521DD19ECB00E0622A /* Toyota's are Cars too */ = {
			isa = PBXGroup;
			children = (
				77074E531DD19ECB00E0622A /* main.m */,
				77074E5A1DD19EEE00E0622A /* Car.h */,
				77074E5B1DD19EEE00E0622A /* Car.m */,
				77074E5D1DD2EF1900E0622A /* Toyota.h */,
				77074E5E1DD2EF1900E0622A /* Toyota.m */,
			);
			path = "Toyota's are Cars too";
			sourceTree = "<group>";
		};
/* End PBXGroup section */

/* Begin PBXNativeTarget section */
		77074E4F1DD19ECB00E0622A /* Toyota's are Cars too */ = {
			isa = PBXNativeTarget;
			buildConfigurationList = 77074E571DD19ECB00E0622A /* Build configuration list for PBXNativeTarget "Toyota's are Cars too" */;
			buildPhases = (
				77074E4C1DD19ECB00E0622A /* Sources */,
				77074E4D1DD19ECB00E0622A /* Frameworks */,
				77074E4E1DD19ECB00E0622A /* CopyFiles */,
			);
			buildRules = (
			);
			dependencies = (
			);
			name = "Toyota's are Cars too";
			productName = "Toyota's are Cars too";
			productReference = 77074E501DD19ECB00E0622A /* Toyota's are Cars too */;
			productType = "com.apple.product-type.tool";
		};
/* End PBXNativeTarget section */

/* Begin PBXProject section */
		77074E481DD19ECB00E0622A /* Project object */ = {
			isa = PBXProject;
			attributes = {
				LastUpgradeCheck = 0810;
				ORGANIZATIONNAME = "Pierre Binon";
				TargetAttributes = {
					77074E4F1DD19ECB00E0622A = {
						CreatedOnToolsVersion = 8.1;
						ProvisioningStyle = Automatic;
					};
				};
			};
			buildConfigurationList = 77074E4B1DD19ECB00E0622A /* Build configuration list for PBXProject "Toyota's are Cars too" */;
			compatibilityVersion = "Xcode 3.2";
			developmentRegion = English;
			hasScannedForEncodings = 0;
			knownRegions = (
				en,
			);
			mainGroup = 77074E471DD19ECB00E0622A;
			productRefGroup = 77074E511DD19ECB00E0622A /* Products */;
			projectDirPath = "";
			projectRoot = "";
			targets = (
				77074E4F1DD19ECB00E0622A /* Toyota's are Cars too */,
			);
		};
/* End PBXProject section */

/* Begin PBXSourcesBuildPhase section */
		77074E4C1DD19ECB00E0622A /* Sources */ = {
			isa = PBXSourcesBuildPhase;
			buildActionMask = 2147483647;
			files = (
				77074E5F1DD2EF1900E0622A /* Toyota.m in Sources */,
				77074E5C1DD19EEE00E0622A /* Car.m in Sources */,
				77074E541DD19ECB00E0622A /* main.m in Sources */,
			);
			runOnlyForDeploymentPostprocessing = 0;
		};
/* End PBXSourcesBuildPhase section */

/* Begin XCBuildConfiguration section */
		77074E551DD19ECB00E0622A /* Debug */ = {
			isa = XCBuildConfiguration;
			buildSettings = {
				ALWAYS_SEARCH_USER_PATHS = NO;
				CLANG_ANALYZER_NONNULL = YES;
				CLANG_CXX_LANGUAGE_STANDARD = "gnu++0x";
				CLANG_CXX_LIBRARY = "libc++";
				CLANG_ENABLE_MODULES = YES;
				CLANG_ENABLE_OBJC_ARC = YES;
				CLANG_WARN_BOOL_CONVERSION = YES;
				CLANG_WARN_CONSTANT_CONVERSION = YES;
				CLANG_WARN_DIRECT_OBJC_ISA_USAGE = YES_ERROR;
				CLANG_WARN_DOCUMENTATION_COMMENTS = YES;
				CLANG_WARN_EMPTY_BODY = YES;
				CLANG_WARN_ENUM_CONVERSION = YES;
				CLANG_WARN_INFINITE_RECURSION = YES;
				CLANG_WARN_INT_CONVERSION = YES;
				CLANG_WARN_OBJC_ROOT_CLASS = YES_ERROR;
				CLANG_WARN_SUSPICIOUS_MOVES = YES;
				CLANG_WARN_UNREACHABLE_CODE = YES;
				CLANG_WARN__DUPLICATE_METHOD_MATCH = YES;
				CODE_SIGN_IDENTITY = "-";
				COPY_PHASE_STRIP = NO;
				DEBUG_INFORMATION_FORMAT = dwarf;
				ENABLE_STRICT_OBJC_MSGSEND = YES;
				ENABLE_TESTABILITY = YES;
				GCC_C_LANGUAGE_STANDARD = gnu99;
				GCC_DYNAMIC_NO_PIC = NO;
				GCC_NO_COMMON_BLOCKS = YES;
				GCC_OPTIMIZATION_LEVEL = 0;
				GCC_PREPROCESSOR_DEFINITIONS = (
					"DEBUG=1",
					"$(inherited)",
				);
				GCC_WARN_64_TO_32_BIT_CONVERSION = YES;
				GCC_WARN_ABOUT_RETURN_TYPE = YES_ERROR;
				GCC_WARN_UNDECLARED_SELECTOR = YES;
				GCC_WARN_UNINITIALIZED_AUTOS = YES_AGGRESSIVE;
				GCC_WARN_UNUSED_FUNCTION = YES;
				GCC_WARN_UNUSED_VARIABLE = YES;
				MACOSX_DEPLOYMENT_TARGET = 10.12;
				MTL_ENABLE_DEBUG_INFO = YES;
				ONLY_ACTIVE_ARCH = YES;
				SDKROOT = macosx;
			};
			name = Debug;
		};
		77074E561DD19ECB00E0622A /* Release */ = {
			isa = XCBuildConfiguration;
			buildSettings = {
				ALWAYS_SEARCH_USER_PATHS = NO;
				CLANG_ANALYZER_NONNULL = YES;
				CLANG_CXX_LANGUAGE_STANDARD = "gnu++0x";
				CLANG_CXX_LIBRARY = "libc++";
				CLANG_ENABLE_MODULES = YES;
				CLANG_ENABLE_OBJC_ARC = YES;
				CLANG_WARN_BOOL_CONVERSION = YES;
				CLANG_WARN_CONSTANT_CONVERSION = YES;
				CLANG_WARN_DIRECT_OBJC_ISA_USAGE = YES_ERROR;
				CLANG_WARN_DOCUMENTATION_COMMENTS = YES;
				CLANG_WARN_EMPTY_BODY = YES;
				CLANG_WARN_ENUM_CONVERSION = YES;
				CLANG_WARN_INFINITE_RECURSION = YES;
				CLANG_WARN_INT_CONVERSION = YES;
				CLANG_WARN_OBJC_ROOT_CLASS = YES_ERROR;
				CLANG_WARN_SUSPICIOUS_MOVES = YES;
				CLANG_WARN_UNREACHABLE_CODE = YES;
				CLANG_WARN__DUPLICATE_METHOD_MATCH = YES;
				CODE_SIGN_IDENTITY = "-";
				COPY_PHASE_STRIP = NO;
				DEBUG_INFORMATION_FORMAT = "dwarf-with-dsym";
				ENABLE_NS_ASSERTIONS = NO;
				ENABLE_STRICT_OBJC_MSGSEND = YES;
				GCC_C_LANGUAGE_STANDARD = gnu99;
				GCC_NO_COMMON_BLOCKS = YES;
				GCC_WARN_64_TO_32_BIT_CONVERSION = YES;
				GCC_WARN_ABOUT_RETURN_TYPE = YES_ERROR;
				GCC_WARN_UNDECLARED_SELECTOR = YES;
				GCC_WARN_UNINITIALIZED_AUTOS = YES_AGGRESSIVE;
				GCC_WARN_UNUSED_FUNCTION = YES;
				GCC_WARN_UNUSED_VARIABLE = YES;
				MACOSX_DEPLOYMENT_TARGET = 10.12;
				MTL_ENABLE_DEBUG_INFO = NO;
				SDKROOT = macosx;
			};
			name = Release;
		};
		77074E581DD19ECB00E0622A /* Debug */ = {
			isa = XCBuildConfiguration;
			buildSettings = {
				PRODUCT_NAME = "$(TARGET_NAME)";
			};
			name = Debug;
		};
		77074E591DD19ECB00E0622A /* Release */ = {
			isa = XCBuildConfiguration;
			buildSettings = {
				PRODUCT_NAME = "$(TARGET_NAME)";
			};
			name = Release;
		};
/* End XCBuildConfiguration section */

/* Begin XCConfigurationList section */
		77074E4B1DD19ECB00E0622A /* Build configuration list for PBXProject "Toyota's are Cars too" */ = {
			isa = XCConfigurationList;
			buildConfigurations = (
				77074E551DD19ECB00E0622A /* Debug */,
				77074E561DD19ECB00E0622A /* Release */,
			);
			defaultConfigurationIsVisible = 0;
			defaultConfigurationName = Release;
		};
		77074E571DD19ECB00E0622A /* Build configuration list for PBXNativeTarget "Toyota's are Cars too" */ = {
			isa = XCConfigurationList;
			buildConfigurations = (
				77074E581DD19ECB00E0622A /* Debug */,
				77074E591DD19ECB00E0622A /* Release */,
			);
			defaultConfigurationIsVisible = 0;
		};
/* End XCConfigurationList section */
	};
	rootObject = 77074E481DD19ECB00E0622A /* Project object */;
}
